PODS:
  - React (0.11.0):
    - React/Core (= 0.11.0)
  - react-native-camera (1.1.4):
    - React
    - react-native-camera/RCT (= 1.1.4)
    - react-native-camera/RN (= 1.1.4)
  - react-native-camera/RCT (1.1.4):
    - React
  - react-native-camera/RN (1.1.4):
    - React
  - React/Core (0.11.0)

DEPENDENCIES:
  - react-native-camera (from `../node_modules/react-native-camera`)

SPEC REPOS:
  https://github.com/cocoapods/specs.git:
    - React

EXTERNAL SOURCES:
  react-native-camera:
    :path: "../node_modules/react-native-camera"

SPEC CHECKSUMS:
  React: ab1a2e21deb34965c38328d5ec40cc7d12c6050a
  react-native-camera: ab22041dcf0403d88f2ae4b9ea3ed2644e680423

PODFILE CHECKSUM: 6c6600628129207ed7d61ec9a6fe00e1c7301595

COCOAPODS: 1.5.3
